
Microsoft Visual Studio Solution File, Format Version 12.00
# Visual Studio 15
VisualStudioVersion = 15.0.28010.2046
MinimumVisualStudioVersion = 10.0.40219.1
Project("{FAE04EC0-301F-11D3-BF4B-00C04F79EFBC}") = "Lab3_7z_2v", "Lab3_7z_2v\Lab3_7z_2v.csproj", "{F031DE00-260C-4E47-97E5-56A3FF899802}"
EndProject
Global
	GlobalSection(SolutionConfigurationPlatforms) = preSolution
		Debug|Any CPU = Debug|Any CPU
		Release|Any CPU = Release|Any CPU
	EndGlobalSection
	GlobalSection(ProjectConfigurationPlatforms) = postSolution
		{F031DE00-260C-4E47-97E5-56A3FF899802}.Debug|Any CPU.ActiveCfg = Debug|Any CPU
		{F031DE00-260C-4E47-97E5-56A3FF899802}.Debug|Any CPU.Build.0 = Debug|Any CPU
		{F031DE00-260C-4E47-97E5-56A3FF899802}.Release|Any CPU.ActiveCfg = Release|Any CPU
		{F031DE00-260C-4E47-97E5-56A3FF899802}.Release|Any CPU.Build.0 = Release|Any CPU
	EndGlobalSection
	GlobalSection(SolutionProperties) = preSolution
		HideSolutionNode = FALSE
	EndGlobalSection
	GlobalSection(ExtensibilityGlobals) = postSolution
		SolutionGuid = {095B4078-1E76-40A0-856C-9E04D08B9C37}
	EndGlobalSection
EndGlobal
